{
  "requires": true,
  "lockfileVersion": 1,
  "dependencies": {
    "@babel/runtime": {
      "version": "7.4.4",
      "resolved": "https://registry.npmjs.org/@babel/runtime/-/runtime-7.4.4.tgz",
      "integrity": "sha512-w0+uT71b6Yi7i5SE0co4NioIpSYS6lLiXvCzWzGSKvpK5vdQtCbICHMj+gbAKAOtxiV6HsVh/MBdaF9EQ6faSg==",
      "requires": {
        "regenerator-runtime": "^0.13.2"
      },
      "dependencies": {
        "regenerator-runtime": {
          "version": "0.13.2",
          "resolved": "https://registry.npmjs.org/regenerator-runtime/-/regenerator-runtime-0.13.2.tgz",
          "integrity": "sha512-S/TQAZJO+D3m9xeN1WTI8dLKBBiRgXBlTJvbWjCThHWZj9EvHK70Ff50/tYj2J/fvBY6JtFVwRuazHN2E7M9BA=="
        }
      }
    },
    "babel-runtime": {
      "version": "6.26.0",
      "resolved": "https://registry.npmjs.org/babel-runtime/-/babel-runtime-6.26.0.tgz",
      "integrity": "sha1-llxwWGaOgrVde/4E/yM3vItWR/4=",
      "requires": {
        "core-js": "^2.4.0",
        "regenerator-runtime": "^0.11.0"
      }
    },
    "core-js": {
      "version": "2.6.5",
      "resolved": "https://registry.npmjs.org/core-js/-/core-js-2.6.5.tgz",
      "integrity": "sha512-klh/kDpwX8hryYL14M9w/xei6vrv6sE8gTHDG7/T/+SEovB/G4ejwcfE/CBzO6Edsu+OETZMZ3wcX/EjUkrl5A=="
    },
    "decode-uri-component": {
      "version": "0.2.0",
      "resolved": "https://registry.npmjs.org/decode-uri-component/-/decode-uri-component-0.2.0.tgz",
      "integrity": "sha1-6zkTMzRYd1y4TNGh+uBiEGu4dUU="
    },
    "exenv": {
      "version": "1.2.2",
      "resolved": "https://registry.npmjs.org/exenv/-/exenv-1.2.2.tgz",
      "integrity": "sha1-KueOhdmJQVhnCwPUe+wfA72Ru50="
    },
    "gatsby-plugin-polyfill-io": {
      "version": "1.1.0",
      "resolved": "https://registry.npmjs.org/gatsby-plugin-polyfill-io/-/gatsby-plugin-polyfill-io-1.1.0.tgz",
      "integrity": "sha512-v2uiJvuAhtUU/30c257+KBj+hA0pMxpsCdq7PIcXLdGZlVhXJTporD5WIEPP5jeGl3zOp4y3FdQF1C10wlt1MA==",
      "requires": {
        "babel-runtime": "^6.26.0"
      }
    },
    "gatsby-plugin-react-helmet": {
      "version": "3.0.12",
      "resolved": "https://registry.npmjs.org/gatsby-plugin-react-helmet/-/gatsby-plugin-react-helmet-3.0.12.tgz",
      "integrity": "sha512-x1DXKceTuEDePN9HcQymzQ+oBgmT3PKVQLSFbxrOECiC71cQRp03FJK0i/ClAkMJ3IJNLCGJDvi7dKydkc6dvw==",
      "requires": {
        "@babel/runtime": "^7.0.0"
      }
    },
    "gatsby-source-meetup": {
      "version": "0.0.1",
      "resolved": "https://registry.npmjs.org/gatsby-source-meetup/-/gatsby-source-meetup-0.0.1.tgz",
      "integrity": "sha512-ZVwML432/L2sMPIsbI8ofdiKnnuMsrpbkRmoz/QuYIL177f/uVvy9xvSoTwaDADFAnuw6XK5Ck/Gg8Fq8AkbVA==",
      "requires": {
        "node-fetch": "^2.2.1",
        "query-string": "^6.2.0"
      }
    },
    "js-tokens": {
      "version": "4.0.0",
      "resolved": "https://registry.npmjs.org/js-tokens/-/js-tokens-4.0.0.tgz",
      "integrity": "sha512-RdJUflcE3cUzKiMqQgsCu06FPu9UdIJO0beYbPhHN4k6apgJtifcoCtT9bcxOpYBtpD2kCM6Sbzg4CausW/PKQ=="
    },
    "loose-envify": {
      "version": "1.4.0",
      "resolved": "https://registry.npmjs.org/loose-envify/-/loose-envify-1.4.0.tgz",
      "integrity": "sha512-lyuxPGr/Wfhrlem2CL/UcnUc1zcqKAImBDzukY7Y5F/yQiNdko6+fRLevlw1HgMySw7f611UIY408EtxRSoK3Q==",
      "requires": {
        "js-tokens": "^3.0.0 || ^4.0.0"
      }
    },
    "node-fetch": {
      "version": "2.6.0",
      "resolved": "https://registry.npmjs.org/node-fetch/-/node-fetch-2.6.0.tgz",
      "integrity": "sha512-8dG4H5ujfvFiqDmVu9fQ5bOHUC15JMjMY/Zumv26oOvvVJjM67KF8koCWIabKQ1GJIa9r2mMZscBq/TbdOcmNA=="
    },
    "object-assign": {
      "version": "4.1.1",
      "resolved": "https://registry.npmjs.org/object-assign/-/object-assign-4.1.1.tgz",
      "integrity": "sha1-IQmtx5ZYh8/AXLvUQsrIv7s2CGM="
    },
    "prop-types": {
      "version": "15.7.2",
      "resolved": "https://registry.npmjs.org/prop-types/-/prop-types-15.7.2.tgz",
      "integrity": "sha512-8QQikdH7//R2vurIJSutZ1smHYTcLpRWEOlHnzcWHmBYrOGUysKwSsrC89BCiFj3CbrfJ/nXFdJepOVrY1GCHQ==",
      "requires": {
        "loose-envify": "^1.4.0",
        "object-assign": "^4.1.1",
        "react-is": "^16.8.1"
      }
    },
    "query-string": {
      "version": "6.7.0",
      "resolved": "https://registry.npmjs.org/query-string/-/query-string-6.7.0.tgz",
      "integrity": "sha512-oQ01H1jrgDRbPq5SjtJF470S418GOrKkds+fpvAt6DQatHXl7bmkaJulHbTIM+QNGtoPpa8f5k9W3Zk50zXRPQ==",
      "requires": {
        "decode-uri-component": "^0.2.0",
        "split-on-first": "^1.0.0",
        "strict-uri-encode": "^2.0.0"
      }
    },
    "react-fast-compare": {
      "version": "2.0.4",
      "resolved": "https://registry.npmjs.org/react-fast-compare/-/react-fast-compare-2.0.4.tgz",
      "integrity": "sha512-suNP+J1VU1MWFKcyt7RtjiSWUjvidmQSlqu+eHslq+342xCbGTYmC0mEhPCOHxlW0CywylOC1u2DFAT+bv4dBw=="
    },
    "react-helmet": {
      "version": "5.2.1",
      "resolved": "https://registry.npmjs.org/react-helmet/-/react-helmet-5.2.1.tgz",
      "integrity": "sha512-CnwD822LU8NDBnjCpZ4ySh8L6HYyngViTZLfBBb3NjtrpN8m49clH8hidHouq20I51Y6TpCTISCBbqiY5GamwA==",
      "requires": {
        "object-assign": "^4.1.1",
        "prop-types": "^15.5.4",
        "react-fast-compare": "^2.0.2",
        "react-side-effect": "^1.1.0"
      }
    },
    "react-is": {
      "version": "16.8.6",
      "resolved": "https://registry.npmjs.org/react-is/-/react-is-16.8.6.tgz",
      "integrity": "sha512-aUk3bHfZ2bRSVFFbbeVS4i+lNPZr3/WM5jT2J5omUVV1zzcs1nAaf3l51ctA5FFvCRbhrH0bdAsRRQddFJZPtA=="
    },
    "react-side-effect": {
      "version": "1.1.5",
      "resolved": "https://registry.npmjs.org/react-side-effect/-/react-side-effect-1.1.5.tgz",
      "integrity": "sha512-Z2ZJE4p/jIfvUpiUMRydEVpQRf2f8GMHczT6qLcARmX7QRb28JDBTpnM2g/i5y/p7ZDEXYGHWg0RbhikE+hJRw==",
      "requires": {
        "exenv": "^1.2.1",
        "shallowequal": "^1.0.1"
      }
    },
    "regenerator-runtime": {
      "version": "0.11.1",
      "resolved": "https://registry.npmjs.org/regenerator-runtime/-/regenerator-runtime-0.11.1.tgz",
      "integrity": "sha512-MguG95oij0fC3QV3URf4V2SDYGJhJnJGqvIIgdECeODCT98wSWDAJ94SSuVpYQUoTcGUIL6L4yNB7j1DFFHSBg=="
    },
    "shallowequal": {
      "version": "1.1.0",
      "resolved": "https://registry.npmjs.org/shallowequal/-/shallowequal-1.1.0.tgz",
      "integrity": "sha512-y0m1JoUZSlPAjXVtPPW70aZWfIL/dSP7AFkRnniLCrK/8MDKog3TySTBmckD+RObVxH0v4Tox67+F14PdED2oQ=="
    },
    "split-on-first": {
      "version": "1.1.0",
      "resolved": "https://registry.npmjs.org/split-on-first/-/split-on-first-1.1.0.tgz",
      "integrity": "sha512-43ZssAJaMusuKWL8sKUBQXHWOpq8d6CfN/u1p4gUzfJkM05C8rxTmYrkIPTXapZpORA6LkkzcUulJ8FqA7Uudw=="
    },
    "strict-uri-encode": {
      "version": "2.0.0",
      "resolved": "https://registry.npmjs.org/strict-uri-encode/-/strict-uri-encode-2.0.0.tgz",
      "integrity": "sha1-ucczDHBChi9rFC3CdLvMWGbONUY="
    }
  }
}
